
Microsoft Visual Studio Solution File, Format Version 12.00
# Visual Studio Version 17
VisualStudioVersion = 17.2.32526.322
MinimumVisualStudioVersion = 10.0.40219.1
Project("{FAE04EC0-301F-11D3-BF4B-00C04F79EFBC}") = "Calcular idade", "Calcular idade\Calcular idade.csproj", "{D1BCCA15-A199-40F6-BD2C-ED749A52327E}"
EndProject
Global
	GlobalSection(SolutionConfigurationPlatforms) = preSolution
		Debug|Any CPU = Debug|Any CPU
		Release|Any CPU = Release|Any CPU
	EndGlobalSection
	GlobalSection(ProjectConfigurationPlatforms) = postSolution
		{D1BCCA15-A199-40F6-BD2C-ED749A52327E}.Debug|Any CPU.ActiveCfg = Debug|Any CPU
		{D1BCCA15-A199-40F6-BD2C-ED749A52327E}.Debug|Any CPU.Build.0 = Debug|Any CPU
		{D1BCCA15-A199-40F6-BD2C-ED749A52327E}.Release|Any CPU.ActiveCfg = Release|Any CPU
		{D1BCCA15-A199-40F6-BD2C-ED749A52327E}.Release|Any CPU.Build.0 = Release|Any CPU
	EndGlobalSection
	GlobalSection(SolutionProperties) = preSolution
		HideSolutionNode = FALSE
	EndGlobalSection
	GlobalSection(ExtensibilityGlobals) = postSolution
		SolutionGuid = {3A428369-63BE-463A-862A-755AD750336D}
	EndGlobalSection
EndGlobal
